{
  "name": "draft-to-lexical",
  "version": "1.0.0",
  "lockfileVersion": 3,
  "requires": true,
  "packages": {
    "": {
      "name": "draft-to-lexical",
      "version": "1.0.0",
      "license": "ISC",
      "dependencies": {
        "lexical": "^0.20.0"
      }
    },
    "node_modules/lexical": {
      "version": "0.20.0",
      "resolved": "https://registry.npmjs.org/lexical/-/lexical-0.20.0.tgz",
      "integrity": "sha512-lJEHLFACXqRf3u/VlIOu9T7MJ51O4la92uOBwiS9Sx+juDK3Nrru5Vgl1aUirV1qK8XEM3h6Org2HcrsrzZ3ZA==",
      "license": "MIT"
    }
  }
}
